
Microsoft Visual Studio Solution File, Format Version 12.00
# Visual Studio Version 17
VisualStudioVersion = 17.9.34607.119
MinimumVisualStudioVersion = 10.0.40219.1
Project("{FAE04EC0-301F-11D3-BF4B-00C04F79EFBC}") = "desafio1_parte2", "desafio1_parte2\desafio1_parte2.csproj", "{65EBD8CF-3CF2-4C00-81CB-2051761D391B}"
EndProject
Global
	GlobalSection(SolutionConfigurationPlatforms) = preSolution
		Debug|Any CPU = Debug|Any CPU
		Release|Any CPU = Release|Any CPU
	EndGlobalSection
	GlobalSection(ProjectConfigurationPlatforms) = postSolution
		{65EBD8CF-3CF2-4C00-81CB-2051761D391B}.Debug|Any CPU.ActiveCfg = Debug|Any CPU
		{65EBD8CF-3CF2-4C00-81CB-2051761D391B}.Debug|Any CPU.Build.0 = Debug|Any CPU
		{65EBD8CF-3CF2-4C00-81CB-2051761D391B}.Release|Any CPU.ActiveCfg = Release|Any CPU
		{65EBD8CF-3CF2-4C00-81CB-2051761D391B}.Release|Any CPU.Build.0 = Release|Any CPU
	EndGlobalSection
	GlobalSection(SolutionProperties) = preSolution
		HideSolutionNode = FALSE
	EndGlobalSection
	GlobalSection(ExtensibilityGlobals) = postSolution
		SolutionGuid = {E08F3823-2713-46C8-9E7B-5695C7123B01}
	EndGlobalSection
EndGlobal
