
Microsoft Visual Studio Solution File, Format Version 12.00
# Visual Studio Version 17
VisualStudioVersion = 17.9.34607.119
MinimumVisualStudioVersion = 10.0.40219.1
Project("{FAE04EC0-301F-11D3-BF4B-00C04F79EFBC}") = "autos", "autos\autos.csproj", "{4E3344B1-7B03-4AF2-8393-9242ADFDD791}"
EndProject
Global
	GlobalSection(SolutionConfigurationPlatforms) = preSolution
		Debug|Any CPU = Debug|Any CPU
		Release|Any CPU = Release|Any CPU
	EndGlobalSection
	GlobalSection(ProjectConfigurationPlatforms) = postSolution
		{4E3344B1-7B03-4AF2-8393-9242ADFDD791}.Debug|Any CPU.ActiveCfg = Debug|Any CPU
		{4E3344B1-7B03-4AF2-8393-9242ADFDD791}.Debug|Any CPU.Build.0 = Debug|Any CPU
		{4E3344B1-7B03-4AF2-8393-9242ADFDD791}.Release|Any CPU.ActiveCfg = Release|Any CPU
		{4E3344B1-7B03-4AF2-8393-9242ADFDD791}.Release|Any CPU.Build.0 = Release|Any CPU
	EndGlobalSection
	GlobalSection(SolutionProperties) = preSolution
		HideSolutionNode = FALSE
	EndGlobalSection
	GlobalSection(ExtensibilityGlobals) = postSolution
		SolutionGuid = {BE2D22F2-8B3E-4864-97E4-33359D6497A2}
	EndGlobalSection
EndGlobal
