
Microsoft Visual Studio Solution File, Format Version 12.00
# Visual Studio Version 17
VisualStudioVersion = 17.9.34607.119
MinimumVisualStudioVersion = 10.0.40219.1
Project("{FAE04EC0-301F-11D3-BF4B-00C04F79EFBC}") = "Creaciondeclases", "Creaciondeclases\Creaciondeclases.csproj", "{A413307B-C49B-46E0-80CB-D1E24F76D7DA}"
EndProject
Global
	GlobalSection(SolutionConfigurationPlatforms) = preSolution
		Debug|Any CPU = Debug|Any CPU
		Release|Any CPU = Release|Any CPU
	EndGlobalSection
	GlobalSection(ProjectConfigurationPlatforms) = postSolution
		{A413307B-C49B-46E0-80CB-D1E24F76D7DA}.Debug|Any CPU.ActiveCfg = Debug|Any CPU
		{A413307B-C49B-46E0-80CB-D1E24F76D7DA}.Debug|Any CPU.Build.0 = Debug|Any CPU
		{A413307B-C49B-46E0-80CB-D1E24F76D7DA}.Release|Any CPU.ActiveCfg = Release|Any CPU
		{A413307B-C49B-46E0-80CB-D1E24F76D7DA}.Release|Any CPU.Build.0 = Release|Any CPU
	EndGlobalSection
	GlobalSection(SolutionProperties) = preSolution
		HideSolutionNode = FALSE
	EndGlobalSection
	GlobalSection(ExtensibilityGlobals) = postSolution
		SolutionGuid = {2D0AAF50-D108-4C1F-820C-9C38AF86F782}
	EndGlobalSection
EndGlobal
